
Microsoft Visual Studio Solution File, Format Version 12.00
# Visual Studio 2013
VisualStudioVersion = 12.0.21005.1
MinimumVisualStudioVersion = 10.0.40219.1
Project("{FAE04EC0-301F-11D3-BF4B-00C04F79EFBC}") = "DSPRJ_2_1", "DSPRJ_2_1\DSPRJ_2_1.csproj", "{F942FA5B-F98B-49CB-8702-B2BCC7C5B8FE}"
EndProject
Global
	GlobalSection(SolutionConfigurationPlatforms) = preSolution
		Debug|Any CPU = Debug|Any CPU
		Release|Any CPU = Release|Any CPU
	EndGlobalSection
	GlobalSection(ProjectConfigurationPlatforms) = postSolution
		{F942FA5B-F98B-49CB-8702-B2BCC7C5B8FE}.Debug|Any CPU.ActiveCfg = Debug|Any CPU
		{F942FA5B-F98B-49CB-8702-B2BCC7C5B8FE}.Debug|Any CPU.Build.0 = Debug|Any CPU
		{F942FA5B-F98B-49CB-8702-B2BCC7C5B8FE}.Release|Any CPU.ActiveCfg = Release|Any CPU
		{F942FA5B-F98B-49CB-8702-B2BCC7C5B8FE}.Release|Any CPU.Build.0 = Release|Any CPU
	EndGlobalSection
	GlobalSection(SolutionProperties) = preSolution
		HideSolutionNode = FALSE
	EndGlobalSection
EndGlobal
